// !$*UTF8*$!
{
	archiveVersion = 1;
	classes = {
	};
	objectVersion = 77;
	objects = {

/* Begin PBXBuildFile section */
		C91406262D286A420022EDF4 /* IQKeyboardManagerSwift in Frameworks */ = {isa = PBXBuildFile; productRef = C91406252D286A420022EDF4 /* IQKeyboardManagerSwift */; };
		C91406282D286A820022EDF4 /* CryptoSwift in Frameworks */ = {isa = PBXBuildFile; productRef = C91406272D286A820022EDF4 /* CryptoSwift */; };
		C914062A2D286AC20022EDF4 /* JGProgressHUD in Frameworks */ = {isa = PBXBuildFile; productRef = C91406292D286AC20022EDF4 /* JGProgressHUD */; };
		C914062C2D286B100022EDF4 /* Kingfisher in Frameworks */ = {isa = PBXBuildFile; productRef = C914062B2D286B100022EDF4 /* Kingfisher */; };
		C914062E2D286B200022EDF4 /* netfox in Frameworks */ = {isa = PBXBuildFile; productRef = C914062D2D286B200022EDF4 /* netfox */; };
/* End PBXBuildFile section */

/* Begin PBXContainerItemProxy section */
		C914056E2D2851980022EDF4 /* PBXContainerItemProxy */ = {
			isa = PBXContainerItemProxy;
			containerPortal = C914054F2D2851970022EDF4 /* Project object */;
			proxyType = 1;
			remoteGlobalIDString = C91405562D2851970022EDF4;
			remoteInfo = ChallengeCajaLosAndes;
		};
/* End PBXContainerItemProxy section */

/* Begin PBXFileReference section */
		C91405572D2851970022EDF4 /* ChallengeCajaLosAndes.app */ = {isa = PBXFileReference; explicitFileType = wrapper.application; includeInIndex = 0; path = ChallengeCajaLosAndes.app; sourceTree = BUILT_PRODUCTS_DIR; };
		C914056D2D2851980022EDF4 /* ChallengeCajaLosAndesTests.xctest */ = {isa = PBXFileReference; explicitFileType = wrapper.cfbundle; includeInIndex = 0; path = ChallengeCajaLosAndesTests.xctest; sourceTree = BUILT_PRODUCTS_DIR; };
		C914067A2D2A580E0022EDF4 /* ChallengeCajaLosAndes.xctestplan */ = {isa = PBXFileReference; lastKnownFileType = text; path = ChallengeCajaLosAndes.xctestplan; sourceTree = "<group>"; };
/* End PBXFileReference section */

/* Begin PBXFileSystemSynchronizedBuildFileExceptionSet section */
		C914057F2D2851980022EDF4 /* Exceptions for "ChallengeCajaLosAndes" folder in "ChallengeCajaLosAndes" target */ = {
			isa = PBXFileSystemSynchronizedBuildFileExceptionSet;
			membershipExceptions = (
				Info.plist,
			);
			target = C91405562D2851970022EDF4 /* ChallengeCajaLosAndes */;
		};
/* End PBXFileSystemSynchronizedBuildFileExceptionSet section */

/* Begin PBXFileSystemSynchronizedRootGroup section */
		C91405592D2851970022EDF4 /* ChallengeCajaLosAndes */ = {
			isa = PBXFileSystemSynchronizedRootGroup;
			exceptions = (
				C914057F2D2851980022EDF4 /* Exceptions for "ChallengeCajaLosAndes" folder in "ChallengeCajaLosAndes" target */,
			);
			path = ChallengeCajaLosAndes;
			sourceTree = "<group>";
		};
		C91405702D2851980022EDF4 /* ChallengeCajaLosAndesTests */ = {
			isa = PBXFileSystemSynchronizedRootGroup;
			path = ChallengeCajaLosAndesTests;
			sourceTree = "<group>";
		};
/* End PBXFileSystemSynchronizedRootGroup section */

/* Begin PBXFrameworksBuildPhase section */
		C91405542D2851970022EDF4 /* Frameworks */ = {
			isa = PBXFrameworksBuildPhase;
			buildActionMask = 2147483647;
			files = (
				C914062E2D286B200022EDF4 /* netfox in Frameworks */,
				C914062C2D286B100022EDF4 /* Kingfisher in Frameworks */,
				C91406262D286A420022EDF4 /* IQKeyboardManagerSwift in Frameworks */,
				C914062A2D286AC20022EDF4 /* JGProgressHUD in Frameworks */,
				C91406282D286A820022EDF4 /* CryptoSwift in Frameworks */,
			);
			runOnlyForDeploymentPostprocessing = 0;
		};
		C914056A2D2851980022EDF4 /* Frameworks */ = {
			isa = PBXFrameworksBuildPhase;
			buildActionMask = 2147483647;
			files = (
			);
			runOnlyForDeploymentPostprocessing = 0;
		};
/* End PBXFrameworksBuildPhase section */

/* Begin PBXGroup section */
		C914054E2D2851970022EDF4 = {
			isa = PBXGroup;
			children = (
				C914067A2D2A580E0022EDF4 /* ChallengeCajaLosAndes.xctestplan */,
				C91405592D2851970022EDF4 /* ChallengeCajaLosAndes */,
				C91405702D2851980022EDF4 /* ChallengeCajaLosAndesTests */,
				C91405582D2851970022EDF4 /* Products */,
			);
			sourceTree = "<group>";
		};
		C91405582D2851970022EDF4 /* Products */ = {
			isa = PBXGroup;
			children = (
				C91405572D2851970022EDF4 /* ChallengeCajaLosAndes.app */,
				C914056D2D2851980022EDF4 /* ChallengeCajaLosAndesTests.xctest */,
			);
			name = Products;
			sourceTree = "<group>";
		};
/* End PBXGroup section */

/* Begin PBXNativeTarget section */
		C91405562D2851970022EDF4 /* ChallengeCajaLosAndes */ = {
			isa = PBXNativeTarget;
			buildConfigurationList = C91405802D2851980022EDF4 /* Build configuration list for PBXNativeTarget "ChallengeCajaLosAndes" */;
			buildPhases = (
				C91405532D2851970022EDF4 /* Sources */,
				C91405542D2851970022EDF4 /* Frameworks */,
				C91405552D2851970022EDF4 /* Resources */,
			);
			buildRules = (
			);
			dependencies = (
			);
			fileSystemSynchronizedGroups = (
				C91405592D2851970022EDF4 /* ChallengeCajaLosAndes */,
			);
			name = ChallengeCajaLosAndes;
			packageProductDependencies = (
				C91406252D286A420022EDF4 /* IQKeyboardManagerSwift */,
				C91406272D286A820022EDF4 /* CryptoSwift */,
				C91406292D286AC20022EDF4 /* JGProgressHUD */,
				C914062B2D286B100022EDF4 /* Kingfisher */,
				C914062D2D286B200022EDF4 /* netfox */,
			);
			productName = ChallengeCajaLosAndes;
			productReference = C91405572D2851970022EDF4 /* ChallengeCajaLosAndes.app */;
			productType = "com.apple.product-type.application";
		};
		C914056C2D2851980022EDF4 /* ChallengeCajaLosAndesTests */ = {
			isa = PBXNativeTarget;
			buildConfigurationList = C91405852D2851980022EDF4 /* Build configuration list for PBXNativeTarget "ChallengeCajaLosAndesTests" */;
			buildPhases = (
				C91405692D2851980022EDF4 /* Sources */,
				C914056A2D2851980022EDF4 /* Frameworks */,
				C914056B2D2851980022EDF4 /* Resources */,
			);
			buildRules = (
			);
			dependencies = (
				C914056F2D2851980022EDF4 /* PBXTargetDependency */,
			);
			fileSystemSynchronizedGroups = (
				C91405702D2851980022EDF4 /* ChallengeCajaLosAndesTests */,
			);
			name = ChallengeCajaLosAndesTests;
			packageProductDependencies = (
			);
			productName = ChallengeCajaLosAndesTests;
			productReference = C914056D2D2851980022EDF4 /* ChallengeCajaLosAndesTests.xctest */;
			productType = "com.apple.product-type.bundle.unit-test";
		};
/* End PBXNativeTarget section */

/* Begin PBXProject section */
		C914054F2D2851970022EDF4 /* Project object */ = {
			isa = PBXProject;
			attributes = {
				BuildIndependentTargetsInParallel = 1;
				LastSwiftUpdateCheck = 1610;
				LastUpgradeCheck = 1610;
				TargetAttributes = {
					C91405562D2851970022EDF4 = {
						CreatedOnToolsVersion = 16.1;
					};
					C914056C2D2851980022EDF4 = {
						CreatedOnToolsVersion = 16.1;
						TestTargetID = C91405562D2851970022EDF4;
					};
				};
			};
			buildConfigurationList = C91405522D2851970022EDF4 /* Build configuration list for PBXProject "ChallengeCajaLosAndes" */;
			developmentRegion = en;
			hasScannedForEncodings = 0;
			knownRegions = (
				en,
				Base,
			);
			mainGroup = C914054E2D2851970022EDF4;
			minimizedProjectReferenceProxies = 1;
			packageReferences = (
				C914058B2D2859560022EDF4 /* XCRemoteSwiftPackageReference "Alamofire" */,
				C914058C2D2859DD0022EDF4 /* XCRemoteSwiftPackageReference "CryptoSwift" */,
				C914058D2D285A2A0022EDF4 /* XCRemoteSwiftPackageReference "JGProgressHUD" */,
				C914058E2D285CFB0022EDF4 /* XCRemoteSwiftPackageReference "Kingfisher" */,
				C91405A52D2865B10022EDF4 /* XCRemoteSwiftPackageReference "netfox" */,
				C91405A62D2867350022EDF4 /* XCRemoteSwiftPackageReference "IQKeyboardManager" */,
			);
			preferredProjectObjectVersion = 77;
			productRefGroup = C91405582D2851970022EDF4 /* Products */;
			projectDirPath = "";
			projectRoot = "";
			targets = (
				C91405562D2851970022EDF4 /* ChallengeCajaLosAndes */,
				C914056C2D2851980022EDF4 /* ChallengeCajaLosAndesTests */,
			);
		};
/* End PBXProject section */

/* Begin PBXResourcesBuildPhase section */
		C91405552D2851970022EDF4 /* Resources */ = {
			isa = PBXResourcesBuildPhase;
			buildActionMask = 2147483647;
			files = (
			);
			runOnlyForDeploymentPostprocessing = 0;
		};
		C914056B2D2851980022EDF4 /* Resources */ = {
			isa = PBXResourcesBuildPhase;
			buildActionMask = 2147483647;
			files = (
			);
			runOnlyForDeploymentPostprocessing = 0;
		};
/* End PBXResourcesBuildPhase section */

/* Begin PBXSourcesBuildPhase section */
		C91405532D2851970022EDF4 /* Sources */ = {
			isa = PBXSourcesBuildPhase;
			buildActionMask = 2147483647;
			files = (
			);
			runOnlyForDeploymentPostprocessing = 0;
		};
		C91405692D2851980022EDF4 /* Sources */ = {
			isa = PBXSourcesBuildPhase;
			buildActionMask = 2147483647;
			files = (
			);
			runOnlyForDeploymentPostprocessing = 0;
		};
/* End PBXSourcesBuildPhase section */

/* Begin PBXTargetDependency section */
		C914056F2D2851980022EDF4 /* PBXTargetDependency */ = {
			isa = PBXTargetDependency;
			target = C91405562D2851970022EDF4 /* ChallengeCajaLosAndes */;
			targetProxy = C914056E2D2851980022EDF4 /* PBXContainerItemProxy */;
		};
/* End PBXTargetDependency section */

/* Begin XCBuildConfiguration section */
		C91405812D2851980022EDF4 /* Debug */ = {
			isa = XCBuildConfiguration;
			buildSettings = {
				ASSETCATALOG_COMPILER_APPICON_NAME = AppIcon;
				ASSETCATALOG_COMPILER_GLOBAL_ACCENT_COLOR_NAME = AccentColor;
				CODE_SIGN_STYLE = Automatic;
				CURRENT_PROJECT_VERSION = 1;
				DEVELOPMENT_TEAM = 6ZD458SWM3;
				GENERATE_INFOPLIST_FILE = YES;
				INFOPLIST_FILE = ChallengeCajaLosAndes/Info.plist;
				INFOPLIST_KEY_UIApplicationSupportsIndirectInputEvents = YES;
				INFOPLIST_KEY_UILaunchStoryboardName = "";
				INFOPLIST_KEY_UIMainStoryboardFile = Main;
				INFOPLIST_KEY_UISupportedInterfaceOrientations_iPad = "UIInterfaceOrientationPortrait UIInterfaceOrientationPortraitUpsideDown UIInterfaceOrientationLandscapeLeft UIInterfaceOrientationLandscapeRight";
				INFOPLIST_KEY_UISupportedInterfaceOrientations_iPhone = "UIInterfaceOrientationPortrait UIInterfaceOrientationLandscapeLeft UIInterfaceOrientationLandscapeRight";
				IPHONEOS_DEPLOYMENT_TARGET = 15.6;
				LD_RUNPATH_SEARCH_PATHS = (
					"$(inherited)",
					"@executable_path/Frameworks",
				);
				MARKETING_VERSION = 1.0;
				PRODUCT_BUNDLE_IDENTIFIER = com.shaw.ChallengeCajaLosAndes;
				PRODUCT_NAME = "$(TARGET_NAME)";
				SWIFT_EMIT_LOC_STRINGS = YES;
				SWIFT_VERSION = 5.0;
				TARGETED_DEVICE_FAMILY = "1,2";
			};
			name = Debug;
		};
		C91405822D2851980022EDF4 /* Release */ = {
			isa = XCBuildConfiguration;
			buildSettings = {
				ASSETCATALOG_COMPILER_APPICON_NAME = AppIcon;
				ASSETCATALOG_COMPILER_GLOBAL_ACCENT_COLOR_NAME = AccentColor;
				CODE_SIGN_STYLE = Automatic;
				CURRENT_PROJECT_VERSION = 1;
				DEVELOPMENT_TEAM = 6ZD458SWM3;
				GENERATE_INFOPLIST_FILE = YES;
				INFOPLIST_FILE = ChallengeCajaLosAndes/Info.plist;
				INFOPLIST_KEY_UIApplicationSupportsIndirectInputEvents = YES;
				INFOPLIST_KEY_UILaunchStoryboardName = "";
				INFOPLIST_KEY_UIMainStoryboardFile = Main;
				INFOPLIST_KEY_UISupportedInterfaceOrientations_iPad = "UIInterfaceOrientationPortrait UIInterfaceOrientationPortraitUpsideDown UIInterfaceOrientationLandscapeLeft UIInterfaceOrientationLandscapeRight";
				INFOPLIST_KEY_UISupportedInterfaceOrientations_iPhone = "UIInterfaceOrientationPortrait UIInterfaceOrientationLandscapeLeft UIInterfaceOrientationLandscapeRight";
				IPHONEOS_DEPLOYMENT_TARGET = 15.6;
				LD_RUNPATH_SEARCH_PATHS = (
					"$(inherited)",
					"@executable_path/Frameworks",
				);
				MARKETING_VERSION = 1.0;
				PRODUCT_BUNDLE_IDENTIFIER = com.shaw.ChallengeCajaLosAndes;
				PRODUCT_NAME = "$(TARGET_NAME)";
				SWIFT_EMIT_LOC_STRINGS = YES;
				SWIFT_VERSION = 5.0;
				TARGETED_DEVICE_FAMILY = "1,2";
			};
			name = Release;
		};
		C91405832D2851980022EDF4 /* Debug */ = {
			isa = XCBuildConfiguration;
			buildSettings = {
				ALWAYS_SEARCH_USER_PATHS = NO;
				ASSETCATALOG_COMPILER_GENERATE_SWIFT_ASSET_SYMBOL_EXTENSIONS = YES;
				CLANG_ANALYZER_NONNULL = YES;
				CLANG_ANALYZER_NUMBER_OBJECT_CONVERSION = YES_AGGRESSIVE;
				CLANG_CXX_LANGUAGE_STANDARD = "gnu++20";
				CLANG_ENABLE_MODULES = YES;
				CLANG_ENABLE_OBJC_ARC = YES;
				CLANG_ENABLE_OBJC_WEAK = YES;
				CLANG_WARN_BLOCK_CAPTURE_AUTORELEASING = YES;
				CLANG_WARN_BOOL_CONVERSION = YES;
				CLANG_WARN_COMMA = YES;
				CLANG_WARN_CONSTANT_CONVERSION = YES;
				CLANG_WARN_DEPRECATED_OBJC_IMPLEMENTATIONS = YES;
				CLANG_WARN_DIRECT_OBJC_ISA_USAGE = YES_ERROR;
				CLANG_WARN_DOCUMENTATION_COMMENTS = YES;
				CLANG_WARN_EMPTY_BODY = YES;
				CLANG_WARN_ENUM_CONVERSION = YES;
				CLANG_WARN_INFINITE_RECURSION = YES;
				CLANG_WARN_INT_CONVERSION = YES;
				CLANG_WARN_NON_LITERAL_NULL_CONVERSION = YES;
				CLANG_WARN_OBJC_IMPLICIT_RETAIN_SELF = YES;
				CLANG_WARN_OBJC_LITERAL_CONVERSION = YES;
				CLANG_WARN_OBJC_ROOT_CLASS = YES_ERROR;
				CLANG_WARN_QUOTED_INCLUDE_IN_FRAMEWORK_HEADER = YES;
				CLANG_WARN_RANGE_LOOP_ANALYSIS = YES;
				CLANG_WARN_STRICT_PROTOTYPES = YES;
				CLANG_WARN_SUSPICIOUS_MOVE = YES;
				CLANG_WARN_UNGUARDED_AVAILABILITY = YES_AGGRESSIVE;
				CLANG_WARN_UNREACHABLE_CODE = YES;
				CLANG_WARN__DUPLICATE_METHOD_MATCH = YES;
				COPY_PHASE_STRIP = NO;
				DEBUG_INFORMATION_FORMAT = dwarf;
				ENABLE_STRICT_OBJC_MSGSEND = YES;
				ENABLE_TESTABILITY = YES;
				ENABLE_USER_SCRIPT_SANDBOXING = YES;
				GCC_C_LANGUAGE_STANDARD = gnu17;
				GCC_DYNAMIC_NO_PIC = NO;
				GCC_NO_COMMON_BLOCKS = YES;
				GCC_OPTIMIZATION_LEVEL = 0;
				GCC_PREPROCESSOR_DEFINITIONS = (
					"DEBUG=1",
					"$(inherited)",
				);
				GCC_WARN_64_TO_32_BIT_CONVERSION = YES;
				GCC_WARN_ABOUT_RETURN_TYPE = YES_ERROR;
				GCC_WARN_UNDECLARED_SELECTOR = YES;
				GCC_WARN_UNINITIALIZED_AUTOS = YES_AGGRESSIVE;
				GCC_WARN_UNUSED_FUNCTION = YES;
				GCC_WARN_UNUSED_VARIABLE = YES;
				IPHONEOS_DEPLOYMENT_TARGET = 18.1;
				LOCALIZATION_PREFERS_STRING_CATALOGS = YES;
				MTL_ENABLE_DEBUG_INFO = INCLUDE_SOURCE;
				MTL_FAST_MATH = YES;
				ONLY_ACTIVE_ARCH = YES;
				SDKROOT = iphoneos;
				SWIFT_ACTIVE_COMPILATION_CONDITIONS = "DEBUG $(inherited)";
				SWIFT_OPTIMIZATION_LEVEL = "-Onone";
			};
			name = Debug;
		};
		C91405842D2851980022EDF4 /* Release */ = {
			isa = XCBuildConfiguration;
			buildSettings = {
				ALWAYS_SEARCH_USER_PATHS = NO;
				ASSETCATALOG_COMPILER_GENERATE_SWIFT_ASSET_SYMBOL_EXTENSIONS = YES;
				CLANG_ANALYZER_NONNULL = YES;
				CLANG_ANALYZER_NUMBER_OBJECT_CONVERSION = YES_AGGRESSIVE;
				CLANG_CXX_LANGUAGE_STANDARD = "gnu++20";
				CLANG_ENABLE_MODULES = YES;
				CLANG_ENABLE_OBJC_ARC = YES;
				CLANG_ENABLE_OBJC_WEAK = YES;
				CLANG_WARN_BLOCK_CAPTURE_AUTORELEASING = YES;
				CLANG_WARN_BOOL_CONVERSION = YES;
				CLANG_WARN_COMMA = YES;
				CLANG_WARN_CONSTANT_CONVERSION = YES;
				CLANG_WARN_DEPRECATED_OBJC_IMPLEMENTATIONS = YES;
				CLANG_WARN_DIRECT_OBJC_ISA_USAGE = YES_ERROR;
				CLANG_WARN_DOCUMENTATION_COMMENTS = YES;
				CLANG_WARN_EMPTY_BODY = YES;
				CLANG_WARN_ENUM_CONVERSION = YES;
				CLANG_WARN_INFINITE_RECURSION = YES;
				CLANG_WARN_INT_CONVERSION = YES;
				CLANG_WARN_NON_LITERAL_NULL_CONVERSION = YES;
				CLANG_WARN_OBJC_IMPLICIT_RETAIN_SELF = YES;
				CLANG_WARN_OBJC_LITERAL_CONVERSION = YES;
				CLANG_WARN_OBJC_ROOT_CLASS = YES_ERROR;
				CLANG_WARN_QUOTED_INCLUDE_IN_FRAMEWORK_HEADER = YES;
				CLANG_WARN_RANGE_LOOP_ANALYSIS = YES;
				CLANG_WARN_STRICT_PROTOTYPES = YES;
				CLANG_WARN_SUSPICIOUS_MOVE = YES;
				CLANG_WARN_UNGUARDED_AVAILABILITY = YES_AGGRESSIVE;
				CLANG_WARN_UNREACHABLE_CODE = YES;
				CLANG_WARN__DUPLICATE_METHOD_MATCH = YES;
				COPY_PHASE_STRIP = NO;
				DEBUG_INFORMATION_FORMAT = "dwarf-with-dsym";
				ENABLE_NS_ASSERTIONS = NO;
				ENABLE_STRICT_OBJC_MSGSEND = YES;
				ENABLE_USER_SCRIPT_SANDBOXING = YES;
				GCC_C_LANGUAGE_STANDARD = gnu17;
				GCC_NO_COMMON_BLOCKS = YES;
				GCC_WARN_64_TO_32_BIT_CONVERSION = YES;
				GCC_WARN_ABOUT_RETURN_TYPE = YES_ERROR;
				GCC_WARN_UNDECLARED_SELECTOR = YES;
				GCC_WARN_UNINITIALIZED_AUTOS = YES_AGGRESSIVE;
				GCC_WARN_UNUSED_FUNCTION = YES;
				GCC_WARN_UNUSED_VARIABLE = YES;
				IPHONEOS_DEPLOYMENT_TARGET = 18.1;
				LOCALIZATION_PREFERS_STRING_CATALOGS = YES;
				MTL_ENABLE_DEBUG_INFO = NO;
				MTL_FAST_MATH = YES;
				SDKROOT = iphoneos;
				SWIFT_COMPILATION_MODE = wholemodule;
				VALIDATE_PRODUCT = YES;
			};
			name = Release;
		};
		C91405862D2851980022EDF4 /* Debug */ = {
			isa = XCBuildConfiguration;
			buildSettings = {
				BUNDLE_LOADER = "$(TEST_HOST)";
				CODE_SIGN_STYLE = Automatic;
				CURRENT_PROJECT_VERSION = 1;
				DEVELOPMENT_TEAM = 6ZD458SWM3;
				GENERATE_INFOPLIST_FILE = YES;
				IPHONEOS_DEPLOYMENT_TARGET = 18.1;
				MARKETING_VERSION = 1.0;
				PRODUCT_BUNDLE_IDENTIFIER = com.shaw.ChallengeCajaLosAndesTests;
				PRODUCT_NAME = "$(TARGET_NAME)";
				SWIFT_EMIT_LOC_STRINGS = NO;
				SWIFT_VERSION = 5.0;
				TARGETED_DEVICE_FAMILY = "1,2";
				TEST_HOST = "$(BUILT_PRODUCTS_DIR)/ChallengeCajaLosAndes.app/$(BUNDLE_EXECUTABLE_FOLDER_PATH)/ChallengeCajaLosAndes";
			};
			name = Debug;
		};
		C91405872D2851980022EDF4 /* Release */ = {
			isa = XCBuildConfiguration;
			buildSettings = {
				BUNDLE_LOADER = "$(TEST_HOST)";
				CODE_SIGN_STYLE = Automatic;
				CURRENT_PROJECT_VERSION = 1;
				DEVELOPMENT_TEAM = 6ZD458SWM3;
				GENERATE_INFOPLIST_FILE = YES;
				IPHONEOS_DEPLOYMENT_TARGET = 18.1;
				MARKETING_VERSION = 1.0;
				PRODUCT_BUNDLE_IDENTIFIER = com.shaw.ChallengeCajaLosAndesTests;
				PRODUCT_NAME = "$(TARGET_NAME)";
				SWIFT_EMIT_LOC_STRINGS = NO;
				SWIFT_VERSION = 5.0;
				TARGETED_DEVICE_FAMILY = "1,2";
				TEST_HOST = "$(BUILT_PRODUCTS_DIR)/ChallengeCajaLosAndes.app/$(BUNDLE_EXECUTABLE_FOLDER_PATH)/ChallengeCajaLosAndes";
			};
			name = Release;
		};
/* End XCBuildConfiguration section */

/* Begin XCConfigurationList section */
		C91405522D2851970022EDF4 /* Build configuration list for PBXProject "ChallengeCajaLosAndes" */ = {
			isa = XCConfigurationList;
			buildConfigurations = (
				C91405832D2851980022EDF4 /* Debug */,
				C91405842D2851980022EDF4 /* Release */,
			);
			defaultConfigurationIsVisible = 0;
			defaultConfigurationName = Release;
		};
		C91405802D2851980022EDF4 /* Build configuration list for PBXNativeTarget "ChallengeCajaLosAndes" */ = {
			isa = XCConfigurationList;
			buildConfigurations = (
				C91405812D2851980022EDF4 /* Debug */,
				C91405822D2851980022EDF4 /* Release */,
			);
			defaultConfigurationIsVisible = 0;
			defaultConfigurationName = Release;
		};
		C91405852D2851980022EDF4 /* Build configuration list for PBXNativeTarget "ChallengeCajaLosAndesTests" */ = {
			isa = XCConfigurationList;
			buildConfigurations = (
				C91405862D2851980022EDF4 /* Debug */,
				C91405872D2851980022EDF4 /* Release */,
			);
			defaultConfigurationIsVisible = 0;
			defaultConfigurationName = Release;
		};
/* End XCConfigurationList section */

/* Begin XCRemoteSwiftPackageReference section */
		C914058B2D2859560022EDF4 /* XCRemoteSwiftPackageReference "Alamofire" */ = {
			isa = XCRemoteSwiftPackageReference;
			repositoryURL = "https://github.com/Alamofire/Alamofire.git";
			requirement = {
				kind = exactVersion;
				version = 4.9.0;
			};
		};
		C914058C2D2859DD0022EDF4 /* XCRemoteSwiftPackageReference "CryptoSwift" */ = {
			isa = XCRemoteSwiftPackageReference;
			repositoryURL = "https://github.com/krzyzanowskim/CryptoSwift.git";
			requirement = {
				kind = exactVersion;
				version = 1.5.1;
			};
		};
		C914058D2D285A2A0022EDF4 /* XCRemoteSwiftPackageReference "JGProgressHUD" */ = {
			isa = XCRemoteSwiftPackageReference;
			repositoryURL = "https://github.com/JonasGessner/JGProgressHUD.git";
			requirement = {
				kind = upToNextMajorVersion;
				minimumVersion = 2.2.0;
			};
		};
		C914058E2D285CFB0022EDF4 /* XCRemoteSwiftPackageReference "Kingfisher" */ = {
			isa = XCRemoteSwiftPackageReference;
			repositoryURL = "https://github.com/onevcat/Kingfisher.git";
			requirement = {
				kind = upToNextMajorVersion;
				minimumVersion = 8.1.3;
			};
		};
		C91405A52D2865B10022EDF4 /* XCRemoteSwiftPackageReference "netfox" */ = {
			isa = XCRemoteSwiftPackageReference;
			repositoryURL = "https://github.com/kasketis/netfox";
			requirement = {
				kind = exactVersion;
				version = 1.21.0;
			};
		};
		C91405A62D2867350022EDF4 /* XCRemoteSwiftPackageReference "IQKeyboardManager" */ = {
			isa = XCRemoteSwiftPackageReference;
			repositoryURL = "https://github.com/hackiftekhar/IQKeyboardManager.git";
			requirement = {
				kind = exactVersion;
				version = 6.5.0;
			};
		};
/* End XCRemoteSwiftPackageReference section */

/* Begin XCSwiftPackageProductDependency section */
		C91406252D286A420022EDF4 /* IQKeyboardManagerSwift */ = {
			isa = XCSwiftPackageProductDependency;
			package = C91405A62D2867350022EDF4 /* XCRemoteSwiftPackageReference "IQKeyboardManager" */;
			productName = IQKeyboardManagerSwift;
		};
		C91406272D286A820022EDF4 /* CryptoSwift */ = {
			isa = XCSwiftPackageProductDependency;
			package = C914058C2D2859DD0022EDF4 /* XCRemoteSwiftPackageReference "CryptoSwift" */;
			productName = CryptoSwift;
		};
		C91406292D286AC20022EDF4 /* JGProgressHUD */ = {
			isa = XCSwiftPackageProductDependency;
			package = C914058D2D285A2A0022EDF4 /* XCRemoteSwiftPackageReference "JGProgressHUD" */;
			productName = JGProgressHUD;
		};
		C914062B2D286B100022EDF4 /* Kingfisher */ = {
			isa = XCSwiftPackageProductDependency;
			package = C914058E2D285CFB0022EDF4 /* XCRemoteSwiftPackageReference "Kingfisher" */;
			productName = Kingfisher;
		};
		C914062D2D286B200022EDF4 /* netfox */ = {
			isa = XCSwiftPackageProductDependency;
			package = C91405A52D2865B10022EDF4 /* XCRemoteSwiftPackageReference "netfox" */;
			productName = netfox;
		};
/* End XCSwiftPackageProductDependency section */
	};
	rootObject = C914054F2D2851970022EDF4 /* Project object */;
}
